
Microsoft Visual Studio Solution File, Format Version 12.00
# Visual Studio Version 16
VisualStudioVersion = 16.0.30204.135
MinimumVisualStudioVersion = 10.0.40219.1
Project("{FAE04EC0-301F-11D3-BF4B-00C04F79EFBC}") = "TheCSharpFantasy", "TheCSharpFantasy\TheCSharpFantasy.csproj", "{3B278665-7B1B-4BEB-8D6D-C95B25B2DDEC}"
EndProject
Global
	GlobalSection(SolutionConfigurationPlatforms) = preSolution
		Debug|Any CPU = Debug|Any CPU
		Release|Any CPU = Release|Any CPU
	EndGlobalSection
	GlobalSection(ProjectConfigurationPlatforms) = postSolution
		{3B278665-7B1B-4BEB-8D6D-C95B25B2DDEC}.Debug|Any CPU.ActiveCfg = Debug|Any CPU
		{3B278665-7B1B-4BEB-8D6D-C95B25B2DDEC}.Debug|Any CPU.Build.0 = Debug|Any CPU
		{3B278665-7B1B-4BEB-8D6D-C95B25B2DDEC}.Release|Any CPU.ActiveCfg = Release|Any CPU
		{3B278665-7B1B-4BEB-8D6D-C95B25B2DDEC}.Release|Any CPU.Build.0 = Release|Any CPU
	EndGlobalSection
	GlobalSection(SolutionProperties) = preSolution
		HideSolutionNode = FALSE
	EndGlobalSection
	GlobalSection(ExtensibilityGlobals) = postSolution
		SolutionGuid = {BE1E1F83-1DBB-4415-8FC9-D7C36148E98E}
	EndGlobalSection
EndGlobal
